// !$*UTF8*$!
{
	archiveVersion = 1;
	classes = {
	};
	objectVersion = 46;
	objects = {

/* Begin PBXBuildFile section */
		3DA5AF3C1E79B5A8006E3A73 /* PageController.swift in Sources */ = {isa = PBXBuildFile; fileRef = 3DA5AF3B1E79B5A8006E3A73 /* PageController.swift */; };
		3DC0A0151E8998B5007942E1 /* HappyEnding.wav in Resources */ = {isa = PBXBuildFile; fileRef = 3DC0A0121E8998B5007942E1 /* HappyEnding.wav */; };
		3DC0A0161E8998B5007942E1 /* Ominous.wav in Resources */ = {isa = PBXBuildFile; fileRef = 3DC0A0131E8998B5007942E1 /* Ominous.wav */; };
		3DC0A0171E8998B5007942E1 /* PageTurn.wav in Resources */ = {isa = PBXBuildFile; fileRef = 3DC0A0141E8998B5007942E1 /* PageTurn.wav */; };
		3DC0A0191E899959007942E1 /* Audio.swift in Sources */ = {isa = PBXBuildFile; fileRef = 3DC0A0181E899959007942E1 /* Audio.swift */; };
		3DE14B901E75DD2800AC1C4C /* AppDelegate.swift in Sources */ = {isa = PBXBuildFile; fileRef = 3DE14B8F1E75DD2800AC1C4C /* AppDelegate.swift */; };
		3DE14B921E75DD2800AC1C4C /* ViewController.swift in Sources */ = {isa = PBXBuildFile; fileRef = 3DE14B911E75DD2800AC1C4C /* ViewController.swift */; };
		3DE14B951E75DD2800AC1C4C /* Main.storyboard in Resources */ = {isa = PBXBuildFile; fileRef = 3DE14B931E75DD2800AC1C4C /* Main.storyboard */; };
		3DE14B971E75DD2800AC1C4C /* Assets.xcassets in Resources */ = {isa = PBXBuildFile; fileRef = 3DE14B961E75DD2800AC1C4C /* Assets.xcassets */; };
		3DE14B9A1E75DD2800AC1C4C /* LaunchScreen.storyboard in Resources */ = {isa = PBXBuildFile; fileRef = 3DE14B981E75DD2800AC1C4C /* LaunchScreen.storyboard */; };
		3DE14BA21E77283300AC1C4C /* Story.swift in Sources */ = {isa = PBXBuildFile; fileRef = 3DE14BA11E77283300AC1C4C /* Story.swift */; };
		3DE14BA41E772E4F00AC1C4C /* Page.swift in Sources */ = {isa = PBXBuildFile; fileRef = 3DE14BA31E772E4F00AC1C4C /* Page.swift */; };
/* End PBXBuildFile section */

/* Begin PBXFileReference section */
		3DA5AF3B1E79B5A8006E3A73 /* PageController.swift */ = {isa = PBXFileReference; fileEncoding = 4; lastKnownFileType = sourcecode.swift; path = PageController.swift; sourceTree = "<group>"; };
		3DC0A0121E8998B5007942E1 /* HappyEnding.wav */ = {isa = PBXFileReference; lastKnownFileType = audio.wav; path = HappyEnding.wav; sourceTree = "<group>"; };
		3DC0A0131E8998B5007942E1 /* Ominous.wav */ = {isa = PBXFileReference; lastKnownFileType = audio.wav; path = Ominous.wav; sourceTree = "<group>"; };
		3DC0A0141E8998B5007942E1 /* PageTurn.wav */ = {isa = PBXFileReference; lastKnownFileType = audio.wav; path = PageTurn.wav; sourceTree = "<group>"; };
		3DC0A0181E899959007942E1 /* Audio.swift */ = {isa = PBXFileReference; fileEncoding = 4; lastKnownFileType = sourcecode.swift; path = Audio.swift; sourceTree = "<group>"; };
		3DE14B8C1E75DD2800AC1C4C /* InteractiveStory.app */ = {isa = PBXFileReference; explicitFileType = wrapper.application; includeInIndex = 0; path = InteractiveStory.app; sourceTree = BUILT_PRODUCTS_DIR; };
		3DE14B8F1E75DD2800AC1C4C /* AppDelegate.swift */ = {isa = PBXFileReference; lastKnownFileType = sourcecode.swift; path = AppDelegate.swift; sourceTree = "<group>"; };
		3DE14B911E75DD2800AC1C4C /* ViewController.swift */ = {isa = PBXFileReference; lastKnownFileType = sourcecode.swift; path = ViewController.swift; sourceTree = "<group>"; };
		3DE14B941E75DD2800AC1C4C /* Base */ = {isa = PBXFileReference; lastKnownFileType = file.storyboard; name = Base; path = Base.lproj/Main.storyboard; sourceTree = "<group>"; };
		3DE14B961E75DD2800AC1C4C /* Assets.xcassets */ = {isa = PBXFileReference; lastKnownFileType = folder.assetcatalog; path = Assets.xcassets; sourceTree = "<group>"; };
		3DE14B991E75DD2800AC1C4C /* Base */ = {isa = PBXFileReference; lastKnownFileType = file.storyboard; name = Base; path = Base.lproj/LaunchScreen.storyboard; sourceTree = "<group>"; };
		3DE14B9B1E75DD2800AC1C4C /* Info.plist */ = {isa = PBXFileReference; lastKnownFileType = text.plist.xml; path = Info.plist; sourceTree = "<group>"; };
		3DE14BA11E77283300AC1C4C /* Story.swift */ = {isa = PBXFileReference; fileEncoding = 4; lastKnownFileType = sourcecode.swift; path = Story.swift; sourceTree = "<group>"; };
		3DE14BA31E772E4F00AC1C4C /* Page.swift */ = {isa = PBXFileReference; fileEncoding = 4; lastKnownFileType = sourcecode.swift; path = Page.swift; sourceTree = "<group>"; };
/* End PBXFileReference section */

/* Begin PBXFrameworksBuildPhase section */
		3DE14B891E75DD2800AC1C4C /* Frameworks */ = {
			isa = PBXFrameworksBuildPhase;
			buildActionMask = 2147483647;
			files = (
			);
			runOnlyForDeploymentPostprocessing = 0;
		};
/* End PBXFrameworksBuildPhase section */

/* Begin PBXGroup section */
		3DC0A0111E899871007942E1 /* Resources */ = {
			isa = PBXGroup;
			children = (
				3DC0A0121E8998B5007942E1 /* HappyEnding.wav */,
				3DC0A0131E8998B5007942E1 /* Ominous.wav */,
				3DC0A0141E8998B5007942E1 /* PageTurn.wav */,
			);
			name = Resources;
			sourceTree = "<group>";
		};
		3DE14B831E75DD2800AC1C4C = {
			isa = PBXGroup;
			children = (
				3DE14B8E1E75DD2800AC1C4C /* InteractiveStory */,
				3DE14B8D1E75DD2800AC1C4C /* Products */,
			);
			sourceTree = "<group>";
		};
		3DE14B8D1E75DD2800AC1C4C /* Products */ = {
			isa = PBXGroup;
			children = (
				3DE14B8C1E75DD2800AC1C4C /* InteractiveStory.app */,
			);
			name = Products;
			sourceTree = "<group>";
		};
		3DE14B8E1E75DD2800AC1C4C /* InteractiveStory */ = {
			isa = PBXGroup;
			children = (
				3DE14B961E75DD2800AC1C4C /* Assets.xcassets */,
				3DC0A0111E899871007942E1 /* Resources */,
				3DC0A0181E899959007942E1 /* Audio.swift */,
				3DE14B8F1E75DD2800AC1C4C /* AppDelegate.swift */,
				3DA5AF3B1E79B5A8006E3A73 /* PageController.swift */,
				3DE14B911E75DD2800AC1C4C /* ViewController.swift */,
				3DE14B931E75DD2800AC1C4C /* Main.storyboard */,
				3DE14B981E75DD2800AC1C4C /* LaunchScreen.storyboard */,
				3DE14B9B1E75DD2800AC1C4C /* Info.plist */,
				3DE14BA11E77283300AC1C4C /* Story.swift */,
				3DE14BA31E772E4F00AC1C4C /* Page.swift */,
			);
			path = InteractiveStory;
			sourceTree = "<group>";
		};
/* End PBXGroup section */

/* Begin PBXNativeTarget section */
		3DE14B8B1E75DD2800AC1C4C /* InteractiveStory */ = {
			isa = PBXNativeTarget;
			buildConfigurationList = 3DE14B9E1E75DD2800AC1C4C /* Build configuration list for PBXNativeTarget "InteractiveStory" */;
			buildPhases = (
				3DE14B881E75DD2800AC1C4C /* Sources */,
				3DE14B891E75DD2800AC1C4C /* Frameworks */,
				3DE14B8A1E75DD2800AC1C4C /* Resources */,
			);
			buildRules = (
			);
			dependencies = (
			);
			name = InteractiveStory;
			productName = InteractiveStory;
			productReference = 3DE14B8C1E75DD2800AC1C4C /* InteractiveStory.app */;
			productType = "com.apple.product-type.application";
		};
/* End PBXNativeTarget section */

/* Begin PBXProject section */
		3DE14B841E75DD2800AC1C4C /* Project object */ = {
			isa = PBXProject;
			attributes = {
				LastSwiftUpdateCheck = 0820;
				LastUpgradeCheck = 0820;
				ORGANIZATIONNAME = "Closure One";
				TargetAttributes = {
					3DE14B8B1E75DD2800AC1C4C = {
						CreatedOnToolsVersion = 8.2.1;
						DevelopmentTeam = BD2TPDQG5D;
						ProvisioningStyle = Automatic;
					};
				};
			};
			buildConfigurationList = 3DE14B871E75DD2800AC1C4C /* Build configuration list for PBXProject "InteractiveStory" */;
			compatibilityVersion = "Xcode 3.2";
			developmentRegion = English;
			hasScannedForEncodings = 0;
			knownRegions = (
				en,
				Base,
			);
			mainGroup = 3DE14B831E75DD2800AC1C4C;
			productRefGroup = 3DE14B8D1E75DD2800AC1C4C /* Products */;
			projectDirPath = "";
			projectRoot = "";
			targets = (
				3DE14B8B1E75DD2800AC1C4C /* InteractiveStory */,
			);
		};
/* End PBXProject section */

/* Begin PBXResourcesBuildPhase section */
		3DE14B8A1E75DD2800AC1C4C /* Resources */ = {
			isa = PBXResourcesBuildPhase;
			buildActionMask = 2147483647;
			files = (
				3DC0A0161E8998B5007942E1 /* Ominous.wav in Resources */,
				3DE14B9A1E75DD2800AC1C4C /* LaunchScreen.storyboard in Resources */,
				3DE14B971E75DD2800AC1C4C /* Assets.xcassets in Resources */,
				3DC0A0151E8998B5007942E1 /* HappyEnding.wav in Resources */,
				3DC0A0171E8998B5007942E1 /* PageTurn.wav in Resources */,
				3DE14B951E75DD2800AC1C4C /* Main.storyboard in Resources */,
			);
			runOnlyForDeploymentPostprocessing = 0;
		};
/* End PBXResourcesBuildPhase section */

/* Begin PBXSourcesBuildPhase section */
		3DE14B881E75DD2800AC1C4C /* Sources */ = {
			isa = PBXSourcesBuildPhase;
			buildActionMask = 2147483647;
			files = (
				3DC0A0191E899959007942E1 /* Audio.swift in Sources */,
				3DE14B921E75DD2800AC1C4C /* ViewController.swift in Sources */,
				3DE14B901E75DD2800AC1C4C /* AppDelegate.swift in Sources */,
				3DE14BA41E772E4F00AC1C4C /* Page.swift in Sources */,
				3DE14BA21E77283300AC1C4C /* Story.swift in Sources */,
				3DA5AF3C1E79B5A8006E3A73 /* PageController.swift in Sources */,
			);
			runOnlyForDeploymentPostprocessing = 0;
		};
/* End PBXSourcesBuildPhase section */

/* Begin PBXVariantGroup section */
		3DE14B931E75DD2800AC1C4C /* Main.storyboard */ = {
			isa = PBXVariantGroup;
			children = (
				3DE14B941E75DD2800AC1C4C /* Base */,
			);
			name = Main.storyboard;
			sourceTree = "<group>";
		};
		3DE14B981E75DD2800AC1C4C /* LaunchScreen.storyboard */ = {
			isa = PBXVariantGroup;
			children = (
				3DE14B991E75DD2800AC1C4C /* Base */,
			);
			name = LaunchScreen.storyboard;
			sourceTree = "<group>";
		};
/* End PBXVariantGroup section */

/* Begin XCBuildConfiguration section */
		3DE14B9C1E75DD2800AC1C4C /* Debug */ = {
			isa = XCBuildConfiguration;
			buildSettings = {
				ALWAYS_SEARCH_USER_PATHS = NO;
				CLANG_ANALYZER_NONNULL = YES;
				CLANG_CXX_LANGUAGE_STANDARD = "gnu++0x";
				CLANG_CXX_LIBRARY = "libc++";
				CLANG_ENABLE_MODULES = YES;
				CLANG_ENABLE_OBJC_ARC = YES;
				CLANG_WARN_BOOL_CONVERSION = YES;
				CLANG_WARN_CONSTANT_CONVERSION = YES;
				CLANG_WARN_DIRECT_OBJC_ISA_USAGE = YES_ERROR;
				CLANG_WARN_DOCUMENTATION_COMMENTS = YES;
				CLANG_WARN_EMPTY_BODY = YES;
				CLANG_WARN_ENUM_CONVERSION = YES;
				CLANG_WARN_INFINITE_RECURSION = YES;
				CLANG_WARN_INT_CONVERSION = YES;
				CLANG_WARN_OBJC_ROOT_CLASS = YES_ERROR;
				CLANG_WARN_SUSPICIOUS_MOVE = YES;
				CLANG_WARN_UNREACHABLE_CODE = YES;
				CLANG_WARN__DUPLICATE_METHOD_MATCH = YES;
				"CODE_SIGN_IDENTITY[sdk=iphoneos*]" = "iPhone Developer";
				COPY_PHASE_STRIP = NO;
				DEBUG_INFORMATION_FORMAT = dwarf;
				ENABLE_STRICT_OBJC_MSGSEND = YES;
				ENABLE_TESTABILITY = YES;
				GCC_C_LANGUAGE_STANDARD = gnu99;
				GCC_DYNAMIC_NO_PIC = NO;
				GCC_NO_COMMON_BLOCKS = YES;
				GCC_OPTIMIZATION_LEVEL = 0;
				GCC_PREPROCESSOR_DEFINITIONS = (
					"DEBUG=1",
					"$(inherited)",
				);
				GCC_WARN_64_TO_32_BIT_CONVERSION = YES;
				GCC_WARN_ABOUT_RETURN_TYPE = YES_ERROR;
				GCC_WARN_UNDECLARED_SELECTOR = YES;
				GCC_WARN_UNINITIALIZED_AUTOS = YES_AGGRESSIVE;
				GCC_WARN_UNUSED_FUNCTION = YES;
				GCC_WARN_UNUSED_VARIABLE = YES;
				IPHONEOS_DEPLOYMENT_TARGET = 10.2;
				MTL_ENABLE_DEBUG_INFO = YES;
				ONLY_ACTIVE_ARCH = YES;
				SDKROOT = iphoneos;
				SWIFT_ACTIVE_COMPILATION_CONDITIONS = DEBUG;
				SWIFT_OPTIMIZATION_LEVEL = "-Onone";
			};
			name = Debug;
		};
		3DE14B9D1E75DD2800AC1C4C /* Release */ = {
			isa = XCBuildConfiguration;
			buildSettings = {
				ALWAYS_SEARCH_USER_PATHS = NO;
				CLANG_ANALYZER_NONNULL = YES;
				CLANG_CXX_LANGUAGE_STANDARD = "gnu++0x";
				CLANG_CXX_LIBRARY = "libc++";
				CLANG_ENABLE_MODULES = YES;
				CLANG_ENABLE_OBJC_ARC = YES;
				CLANG_WARN_BOOL_CONVERSION = YES;
				CLANG_WARN_CONSTANT_CONVERSION = YES;
				CLANG_WARN_DIRECT_OBJC_ISA_USAGE = YES_ERROR;
				CLANG_WARN_DOCUMENTATION_COMMENTS = YES;
				CLANG_WARN_EMPTY_BODY = YES;
				CLANG_WARN_ENUM_CONVERSION = YES;
				CLANG_WARN_INFINITE_RECURSION = YES;
				CLANG_WARN_INT_CONVERSION = YES;
				CLANG_WARN_OBJC_ROOT_CLASS = YES_ERROR;
				CLANG_WARN_SUSPICIOUS_MOVE = YES;
				CLANG_WARN_UNREACHABLE_CODE = YES;
				CLANG_WARN__DUPLICATE_METHOD_MATCH = YES;
				"CODE_SIGN_IDENTITY[sdk=iphoneos*]" = "iPhone Developer";
				COPY_PHASE_STRIP = NO;
				DEBUG_INFORMATION_FORMAT = "dwarf-with-dsym";
				ENABLE_NS_ASSERTIONS = NO;
				ENABLE_STRICT_OBJC_MSGSEND = YES;
				GCC_C_LANGUAGE_STANDARD = gnu99;
				GCC_NO_COMMON_BLOCKS = YES;
				GCC_WARN_64_TO_32_BIT_CONVERSION = YES;
				GCC_WARN_ABOUT_RETURN_TYPE = YES_ERROR;
				GCC_WARN_UNDECLARED_SELECTOR = YES;
				GCC_WARN_UNINITIALIZED_AUTOS = YES_AGGRESSIVE;
				GCC_WARN_UNUSED_FUNCTION = YES;
				GCC_WARN_UNUSED_VARIABLE = YES;
				IPHONEOS_DEPLOYMENT_TARGET = 10.2;
				MTL_ENABLE_DEBUG_INFO = NO;
				SDKROOT = iphoneos;
				SWIFT_OPTIMIZATION_LEVEL = "-Owholemodule";
				VALIDATE_PRODUCT = YES;
			};
			name = Release;
		};
		3DE14B9F1E75DD2800AC1C4C /* Debug */ = {
			isa = XCBuildConfiguration;
			buildSettings = {
				ASSETCATALOG_COMPILER_APPICON_NAME = AppIcon;
				DEVELOPMENT_TEAM = BD2TPDQG5D;
				INFOPLIST_FILE = InteractiveStory/Info.plist;
				LD_RUNPATH_SEARCH_PATHS = "$(inherited) @executable_path/Frameworks";
				PRODUCT_BUNDLE_IDENTIFIER = "org.by-doing.InteractiveStory";
				PRODUCT_NAME = "$(TARGET_NAME)";
				SWIFT_VERSION = 3.0;
			};
			name = Debug;
		};
		3DE14BA01E75DD2800AC1C4C /* Release */ = {
			isa = XCBuildConfiguration;
			buildSettings = {
				ASSETCATALOG_COMPILER_APPICON_NAME = AppIcon;
				DEVELOPMENT_TEAM = BD2TPDQG5D;
				INFOPLIST_FILE = InteractiveStory/Info.plist;
				LD_RUNPATH_SEARCH_PATHS = "$(inherited) @executable_path/Frameworks";
				PRODUCT_BUNDLE_IDENTIFIER = "org.by-doing.InteractiveStory";
				PRODUCT_NAME = "$(TARGET_NAME)";
				SWIFT_VERSION = 3.0;
			};
			name = Release;
		};
/* End XCBuildConfiguration section */

/* Begin XCConfigurationList section */
		3DE14B871E75DD2800AC1C4C /* Build configuration list for PBXProject "InteractiveStory" */ = {
			isa = XCConfigurationList;
			buildConfigurations = (
				3DE14B9C1E75DD2800AC1C4C /* Debug */,
				3DE14B9D1E75DD2800AC1C4C /* Release */,
			);
			defaultConfigurationIsVisible = 0;
			defaultConfigurationName = Release;
		};
		3DE14B9E1E75DD2800AC1C4C /* Build configuration list for PBXNativeTarget "InteractiveStory" */ = {
			isa = XCConfigurationList;
			buildConfigurations = (
				3DE14B9F1E75DD2800AC1C4C /* Debug */,
				3DE14BA01E75DD2800AC1C4C /* Release */,
			);
			defaultConfigurationIsVisible = 0;
			defaultConfigurationName = Release;
		};
/* End XCConfigurationList section */
	};
	rootObject = 3DE14B841E75DD2800AC1C4C /* Project object */;
}
